
Microsoft Visual Studio Solution File, Format Version 12.00
# Visual Studio Version 17
VisualStudioVersion = 17.13.35806.99 d17.13
MinimumVisualStudioVersion = 10.0.40219.1
Project("{FAE04EC0-301F-11D3-BF4B-00C04F79EFBC}") = "Arbitraz", "Arbitraz\Arbitraz.csproj", "{753B34B1-2D96-4C32-9DE7-157E2DADAFE9}"
EndProject
Global
	GlobalSection(SolutionConfigurationPlatforms) = preSolution
		Debug|Any CPU = Debug|Any CPU
		Release|Any CPU = Release|Any CPU
	EndGlobalSection
	GlobalSection(ProjectConfigurationPlatforms) = postSolution
		{753B34B1-2D96-4C32-9DE7-157E2DADAFE9}.Debug|Any CPU.ActiveCfg = Debug|Any CPU
		{753B34B1-2D96-4C32-9DE7-157E2DADAFE9}.Debug|Any CPU.Build.0 = Debug|Any CPU
		{753B34B1-2D96-4C32-9DE7-157E2DADAFE9}.Release|Any CPU.ActiveCfg = Release|Any CPU
		{753B34B1-2D96-4C32-9DE7-157E2DADAFE9}.Release|Any CPU.Build.0 = Release|Any CPU
	EndGlobalSection
	GlobalSection(SolutionProperties) = preSolution
		HideSolutionNode = FALSE
	EndGlobalSection
	GlobalSection(ExtensibilityGlobals) = postSolution
		SolutionGuid = {2BF1BF6B-C9AA-4A86-87FC-5DA6F73AB820}
	EndGlobalSection
EndGlobal
